
Microsoft Visual Studio Solution File, Format Version 12.00
# Visual Studio 15
VisualStudioVersion = 15.0.27703.2000
MinimumVisualStudioVersion = 10.0.40219.1
Project("{F2A71F9B-5D33-465A-A702-920D77279786}") = "AdventOfCode2019.Day01.Part1", "AdventOfCode2019.Day01.Part1\AdventOfCode2019.Day01.Part1.fsproj", "{DED0F23E-F27C-4900-A4D3-EAA39D927BA6}"
EndProject
Project("{F2A71F9B-5D33-465A-A702-920D77279786}") = "AdventOfCode2019.Day02.Part2", "AdventOfCode2019.Day02.Part2\AdventOfCode2019.Day02.Part2.fsproj", "{D1FE684F-33D8-45C4-8C88-25209688967F}"
EndProject
Project("{F2A71F9B-5D33-465A-A702-920D77279786}") = "AdventOfCode2019.Day01.Part2", "AdventOfCode2019.Day01.Part2\AdventOfCode2019.Day01.Part2.fsproj", "{E8F399F3-9A6F-429C-AEBE-C274B0DD6FAE}"
EndProject
Project("{F2A71F9B-5D33-465A-A702-920D77279786}") = "AdventOfCode2019.Day02.Part1", "AdventOfCode2019.Day02.Part1\AdventOfCode2019.Day02.Part1.fsproj", "{F31F4B41-83EC-47CB-9EC4-828162ABBE1D}"
EndProject
Project("{F2A71F9B-5D33-465A-A702-920D77279786}") = "AdventOfCode2019.Day03.Part1", "AdventOfCode2019.Day03.Part1\AdventOfCode2019.Day03.Part1.fsproj", "{A194737E-A624-4AB0-A8B8-0060D7BED55F}"
EndProject
Global
	GlobalSection(SolutionConfigurationPlatforms) = preSolution
		Debug|Any CPU = Debug|Any CPU
		Release|Any CPU = Release|Any CPU
	EndGlobalSection
	GlobalSection(ProjectConfigurationPlatforms) = postSolution
		{DED0F23E-F27C-4900-A4D3-EAA39D927BA6}.Debug|Any CPU.ActiveCfg = Debug|Any CPU
		{DED0F23E-F27C-4900-A4D3-EAA39D927BA6}.Debug|Any CPU.Build.0 = Debug|Any CPU
		{DED0F23E-F27C-4900-A4D3-EAA39D927BA6}.Release|Any CPU.ActiveCfg = Release|Any CPU
		{DED0F23E-F27C-4900-A4D3-EAA39D927BA6}.Release|Any CPU.Build.0 = Release|Any CPU
		{D1FE684F-33D8-45C4-8C88-25209688967F}.Debug|Any CPU.ActiveCfg = Debug|Any CPU
		{D1FE684F-33D8-45C4-8C88-25209688967F}.Debug|Any CPU.Build.0 = Debug|Any CPU
		{D1FE684F-33D8-45C4-8C88-25209688967F}.Release|Any CPU.ActiveCfg = Release|Any CPU
		{D1FE684F-33D8-45C4-8C88-25209688967F}.Release|Any CPU.Build.0 = Release|Any CPU
		{E8F399F3-9A6F-429C-AEBE-C274B0DD6FAE}.Debug|Any CPU.ActiveCfg = Debug|Any CPU
		{E8F399F3-9A6F-429C-AEBE-C274B0DD6FAE}.Debug|Any CPU.Build.0 = Debug|Any CPU
		{E8F399F3-9A6F-429C-AEBE-C274B0DD6FAE}.Release|Any CPU.ActiveCfg = Release|Any CPU
		{E8F399F3-9A6F-429C-AEBE-C274B0DD6FAE}.Release|Any CPU.Build.0 = Release|Any CPU
		{F31F4B41-83EC-47CB-9EC4-828162ABBE1D}.Debug|Any CPU.ActiveCfg = Debug|Any CPU
		{F31F4B41-83EC-47CB-9EC4-828162ABBE1D}.Debug|Any CPU.Build.0 = Debug|Any CPU
		{F31F4B41-83EC-47CB-9EC4-828162ABBE1D}.Release|Any CPU.ActiveCfg = Release|Any CPU
		{F31F4B41-83EC-47CB-9EC4-828162ABBE1D}.Release|Any CPU.Build.0 = Release|Any CPU
		{A194737E-A624-4AB0-A8B8-0060D7BED55F}.Debug|Any CPU.ActiveCfg = Debug|Any CPU
		{A194737E-A624-4AB0-A8B8-0060D7BED55F}.Debug|Any CPU.Build.0 = Debug|Any CPU
		{A194737E-A624-4AB0-A8B8-0060D7BED55F}.Release|Any CPU.ActiveCfg = Release|Any CPU
		{A194737E-A624-4AB0-A8B8-0060D7BED55F}.Release|Any CPU.Build.0 = Release|Any CPU
	EndGlobalSection
	GlobalSection(SolutionProperties) = preSolution
		HideSolutionNode = FALSE
	EndGlobalSection
	GlobalSection(ExtensibilityGlobals) = postSolution
		SolutionGuid = {0C0D02E2-6A9F-4D2C-B8A7-E62BB713E390}
	EndGlobalSection
EndGlobal
